
Microsoft Visual Studio Solution File, Format Version 12.00
# Visual Studio Version 17
VisualStudioVersion = 17.14.36603.0 d17.14
MinimumVisualStudioVersion = 10.0.40219.1
Project("{FAE04EC0-301F-11D3-BF4B-00C04F79EFBC}") = "FUNMS.API", "FUNMS.API\FUNMS.API.csproj", "{6BAB0F24-E7E3-48FC-8923-9FEAB53136A5}"
EndProject
Project("{FAE04EC0-301F-11D3-BF4B-00C04F79EFBC}") = "FUNMS.BLL", "FUNMS.BLL\FUNMS.BLL.csproj", "{69F66859-15A6-4341-937D-7A1BA2DEF872}"
EndProject
Project("{FAE04EC0-301F-11D3-BF4B-00C04F79EFBC}") = "FUNMS.DAL", "FUNMS.DAL\FUNMS.DAL.csproj", "{C5D24095-EE41-44A8-8752-0DB562D7EDB5}"
EndProject
Global
	GlobalSection(SolutionConfigurationPlatforms) = preSolution
		Debug|Any CPU = Debug|Any CPU
		Release|Any CPU = Release|Any CPU
	EndGlobalSection
	GlobalSection(ProjectConfigurationPlatforms) = postSolution
		{6BAB0F24-E7E3-48FC-8923-9FEAB53136A5}.Debug|Any CPU.ActiveCfg = Debug|Any CPU
		{6BAB0F24-E7E3-48FC-8923-9FEAB53136A5}.Debug|Any CPU.Build.0 = Debug|Any CPU
		{6BAB0F24-E7E3-48FC-8923-9FEAB53136A5}.Release|Any CPU.ActiveCfg = Release|Any CPU
		{6BAB0F24-E7E3-48FC-8923-9FEAB53136A5}.Release|Any CPU.Build.0 = Release|Any CPU
		{69F66859-15A6-4341-937D-7A1BA2DEF872}.Debug|Any CPU.ActiveCfg = Debug|Any CPU
		{69F66859-15A6-4341-937D-7A1BA2DEF872}.Debug|Any CPU.Build.0 = Debug|Any CPU
		{69F66859-15A6-4341-937D-7A1BA2DEF872}.Release|Any CPU.ActiveCfg = Release|Any CPU
		{69F66859-15A6-4341-937D-7A1BA2DEF872}.Release|Any CPU.Build.0 = Release|Any CPU
		{C5D24095-EE41-44A8-8752-0DB562D7EDB5}.Debug|Any CPU.ActiveCfg = Debug|Any CPU
		{C5D24095-EE41-44A8-8752-0DB562D7EDB5}.Debug|Any CPU.Build.0 = Debug|Any CPU
		{C5D24095-EE41-44A8-8752-0DB562D7EDB5}.Release|Any CPU.ActiveCfg = Release|Any CPU
		{C5D24095-EE41-44A8-8752-0DB562D7EDB5}.Release|Any CPU.Build.0 = Release|Any CPU
	EndGlobalSection
	GlobalSection(SolutionProperties) = preSolution
		HideSolutionNode = FALSE
	EndGlobalSection
	GlobalSection(ExtensibilityGlobals) = postSolution
		SolutionGuid = {4E9EE998-648C-4672-B059-A7BCD4B00C0F}
	EndGlobalSection
EndGlobal
